
Microsoft Visual Studio Solution File, Format Version 12.00
# Visual Studio Version 17
VisualStudioVersion = 17.11.35327.3
MinimumVisualStudioVersion = 10.0.40219.1
Project("{2150E333-8FDC-42A3-9474-1A3956D46DE8}") = "Task0", "Task0", "{B6E4CF35-9175-4BFD-9633-9459F37F2463}"
EndProject
Project("{2150E333-8FDC-42A3-9474-1A3956D46DE8}") = "Task1", "Task1", "{247C8691-076A-4E30-855F-6BCEE1576999}"
EndProject
Project("{2150E333-8FDC-42A3-9474-1A3956D46DE8}") = "Task2", "Task2", "{D96E839C-E284-4B7C-9A73-449042D596F3}"
EndProject
Project("{2150E333-8FDC-42A3-9474-1A3956D46DE8}") = "Task3", "Task3", "{656B38FE-481D-4E4A-9A17-734CF59BDFD7}"
EndProject
Project("{2150E333-8FDC-42A3-9474-1A3956D46DE8}") = "Task4", "Task4", "{8AB88D43-CA80-403D-BDA7-F22A82BB36C5}"
EndProject
Project("{2150E333-8FDC-42A3-9474-1A3956D46DE8}") = "Task5", "Task5", "{E8714758-598C-4812-807B-E36891BC7F42}"
EndProject
Project("{2150E333-8FDC-42A3-9474-1A3956D46DE8}") = "Task6", "Task6", "{9526B020-1954-41BF-BC79-9B0FC96F559E}"
EndProject
Project("{2150E333-8FDC-42A3-9474-1A3956D46DE8}") = "Task7", "Task7", "{29357C0E-626F-453F-8182-1E26F6888812}"
EndProject
Project("{9A19103F-16F7-4668-BE54-9A1E7A4F7556}") = "Tyuiu.ErmakovAA.Sprint3.Task0.V6", "Tyuiu.ErmakovAA.Sprint3.Task0.V6\Tyuiu.ErmakovAA.Sprint3.Task0.V6.csproj", "{851C9536-3FCF-4B95-B625-C8C9B60A71AC}"
EndProject
Project("{9A19103F-16F7-4668-BE54-9A1E7A4F7556}") = "Tyuiu.ErmakovAA.Sprint3.Task0.V6.Lib", "Tyuiu.ErmakovAA.Sprint3.Task0.V6.Lib\Tyuiu.ErmakovAA.Sprint3.Task0.V6.Lib.csproj", "{3B33A32E-8146-43C5-87A5-FD65152275DD}"
EndProject
Project("{9A19103F-16F7-4668-BE54-9A1E7A4F7556}") = "Tyuiu.ErmakovAA.Sprint3.Task0.V6.Test", "Tyuiu.ErmakovAA.Sprint3.Task0.V6.Test\Tyuiu.ErmakovAA.Sprint3.Task0.V6.Test.csproj", "{E5222798-21B2-4BD8-8AFA-D3DD878C9B5D}"
EndProject
Project("{2150E333-8FDC-42A3-9474-1A3956D46DE8}") = "TEST", "TEST", "{3EBB14EE-813D-4CF3-AD69-8B12C7CBDE68}"
EndProject
Project("{9A19103F-16F7-4668-BE54-9A1E7A4F7556}") = "ConsoleApp1", "ConsoleApp1\ConsoleApp1.csproj", "{9F378F41-7863-41C6-81DE-651AD8DF9B34}"
EndProject
Project("{9A19103F-16F7-4668-BE54-9A1E7A4F7556}") = "Tyuiu.ErmakovAA.Sprint3.Task1.V19.Lib", "Tyuiu.ErmakovAA.Sprint3.Task1.V19.Lib\Tyuiu.ErmakovAA.Sprint3.Task1.V19.Lib.csproj", "{34C185EF-F2BE-4BB1-905A-4C7CF7E69BDE}"
EndProject
Project("{9A19103F-16F7-4668-BE54-9A1E7A4F7556}") = "Tyuiu.ErmakovAA.Sprint3.Task1.V19", "Tyuiu.ErmakovAA.Sprint3.Task1.V19\Tyuiu.ErmakovAA.Sprint3.Task1.V19.csproj", "{A47F834F-648B-47CB-87D3-33FF6D7B0ECE}"
EndProject
Project("{9A19103F-16F7-4668-BE54-9A1E7A4F7556}") = "Tyuiu.ErmakovAA.Sprint3.Task1.V19.Test", "Tyuiu.ErmakovAA.Sprint3.Task1.V19.Test\Tyuiu.ErmakovAA.Sprint3.Task1.V19.Test.csproj", "{9B968034-69DA-4311-8816-289FAF4C19F1}"
EndProject
Project("{9A19103F-16F7-4668-BE54-9A1E7A4F7556}") = "Tyuiu.ErmakovAA.Sprint3.Task2.V18.Lib", "Tyuiu.ErmakovAA.Sprint3.Task2.V18.Lib\Tyuiu.ErmakovAA.Sprint3.Task2.V18.Lib.csproj", "{E76A3A35-89FC-4C74-BCFE-E0ADF228B3B5}"
EndProject
Project("{9A19103F-16F7-4668-BE54-9A1E7A4F7556}") = "Tyuiu.ErmakovAA.Sprint3.Task2.V18.Test", "Tyuiu.ErmakovAA.Sprint3.Task2.V18.Test\Tyuiu.ErmakovAA.Sprint3.Task2.V18.Test.csproj", "{A33D1BCC-1BF6-437E-A271-DBCECE209D16}"
EndProject
Project("{9A19103F-16F7-4668-BE54-9A1E7A4F7556}") = "Tyuiu.ErmakovAA.Sprint3.Task2.V18", "Tyuiu.ErmakovAA.Sprint3.Task2.V18\Tyuiu.ErmakovAA.Sprint3.Task2.V18.csproj", "{534D2296-3C01-4E4A-9EA1-1FC8DF3338FD}"
EndProject
Project("{9A19103F-16F7-4668-BE54-9A1E7A4F7556}") = "Tyuiu.ErmakovAA.Sprint3.Task3.V18.Test", "Tyuiu.ErmakovAA.Sprint3.Task3.V18.Test\Tyuiu.ErmakovAA.Sprint3.Task3.V18.Test.csproj", "{03AD1E3C-C334-4A0E-97C0-41FEB456E9BE}"
EndProject
Project("{9A19103F-16F7-4668-BE54-9A1E7A4F7556}") = "Tyuiu.ErmakovAA.Sprint3.Task3.V18.Lib", "Tyuiu.ErmakovAA.Sprint3.Task3.V18.Lib\Tyuiu.ErmakovAA.Sprint3.Task3.V18.Lib.csproj", "{692CCCA6-7F98-4849-8F0B-54A395722908}"
EndProject
Project("{9A19103F-16F7-4668-BE54-9A1E7A4F7556}") = "Tyuiu.ErmakovAA.Sprint3.Task3.V18", "Tyuiu.ErmakovAA.Sprint3.Task3.V18\Tyuiu.ErmakovAA.Sprint3.Task3.V18.csproj", "{F957AECD-FCFC-436C-AA3B-6A4B9A2D01FF}"
EndProject
Project("{FAE04EC0-301F-11D3-BF4B-00C04F79EFBC}") = "Tyuiu.ErmakovAA.Sprint3.Task4.V19", "Tyuiu.ErmakovAA.Sprint3.Task4.V19\Tyuiu.ErmakovAA.Sprint3.Task4.V19.csproj", "{874679E1-482D-4839-8098-E3BED1B24F64}"
EndProject
Project("{FAE04EC0-301F-11D3-BF4B-00C04F79EFBC}") = "Tyuiu.ErmakovAA.Sprint3.Task4.V19.Lib", "Tyuiu.ErmakovAA.Sprint3.Task4.V19.Lib\Tyuiu.ErmakovAA.Sprint3.Task4.V19.Lib.csproj", "{189FB3A6-2A61-49BF-9707-B3D10B618321}"
EndProject
Project("{FAE04EC0-301F-11D3-BF4B-00C04F79EFBC}") = "Tyuiu.ErmakovAA.Sprint3.Task4.V19.Test", "Tyuiu.ErmakovAA.Sprint3.Task4.V19.Test\Tyuiu.ErmakovAA.Sprint3.Task4.V19.Test.csproj", "{F9A5454B-C1E1-40F5-BD5C-F9C7A9DF3E41}"
EndProject
Project("{FAE04EC0-301F-11D3-BF4B-00C04F79EFBC}") = "Tyuiu.ErmakovAA.Sprint3.Task5.V13", "Tyuiu.ErmakovAA.Sprint3.Task5.V13\Tyuiu.ErmakovAA.Sprint3.Task5.V13.csproj", "{61FD9E28-D247-4A96-9F21-6D9C4771AF27}"
EndProject
Project("{FAE04EC0-301F-11D3-BF4B-00C04F79EFBC}") = "Tyuiu.ErmakovAA.Sprint3.Task5.V13.Test", "Tyuiu.ErmakovAA.Sprint3.Task5.V13.Test\Tyuiu.ErmakovAA.Sprint3.Task5.V13.Test.csproj", "{9363F5FE-C9ED-4F35-956F-9ABCA5AEC94A}"
EndProject
Project("{FAE04EC0-301F-11D3-BF4B-00C04F79EFBC}") = "Tyuiu.ErmakovAA.Sprint3.Task5.V13.Lib", "Tyuiu.ErmakovAA.Sprint3.Task5.V13.Lib\Tyuiu.ErmakovAA.Sprint3.Task5.V13.Lib.csproj", "{F311C5C2-2648-41BE-A963-19A872CB8534}"
EndProject
Project("{FAE04EC0-301F-11D3-BF4B-00C04F79EFBC}") = "Tyuiu.ErmakovAA.Sprint3.Task6.V8.Lib", "Tyuiu.ErmakovAA.Sprint3.Task6.V8.Lib\Tyuiu.ErmakovAA.Sprint3.Task6.V8.Lib.csproj", "{33ADDF0E-2A9A-4B9B-A91E-123307A6498A}"
EndProject
Project("{FAE04EC0-301F-11D3-BF4B-00C04F79EFBC}") = "Tyuiu.ErmakovAA.Sprint3.Task6.V8.Test", "Tyuiu.ErmakovAA.Sprint3.Task6.V8.Test\Tyuiu.ErmakovAA.Sprint3.Task6.V8.Test.csproj", "{214C0B41-86DD-4D54-8AC5-D5A10496C1E5}"
EndProject
Project("{FAE04EC0-301F-11D3-BF4B-00C04F79EFBC}") = "Tyuiu.ErmakovAA.Sprint3.Task6.V8", "Tyuiu.ErmakovAA.Sprint3.Task6.V8\Tyuiu.ErmakovAA.Sprint3.Task6.V8.csproj", "{73B3BDDF-C25A-45C8-B24A-657D92197549}"
EndProject
Global
	GlobalSection(SolutionConfigurationPlatforms) = preSolution
		Debug|Any CPU = Debug|Any CPU
		Release|Any CPU = Release|Any CPU
	EndGlobalSection
	GlobalSection(ProjectConfigurationPlatforms) = postSolution
		{851C9536-3FCF-4B95-B625-C8C9B60A71AC}.Debug|Any CPU.ActiveCfg = Debug|Any CPU
		{851C9536-3FCF-4B95-B625-C8C9B60A71AC}.Debug|Any CPU.Build.0 = Debug|Any CPU
		{851C9536-3FCF-4B95-B625-C8C9B60A71AC}.Release|Any CPU.ActiveCfg = Release|Any CPU
		{851C9536-3FCF-4B95-B625-C8C9B60A71AC}.Release|Any CPU.Build.0 = Release|Any CPU
		{3B33A32E-8146-43C5-87A5-FD65152275DD}.Debug|Any CPU.ActiveCfg = Debug|Any CPU
		{3B33A32E-8146-43C5-87A5-FD65152275DD}.Debug|Any CPU.Build.0 = Debug|Any CPU
		{3B33A32E-8146-43C5-87A5-FD65152275DD}.Release|Any CPU.ActiveCfg = Release|Any CPU
		{3B33A32E-8146-43C5-87A5-FD65152275DD}.Release|Any CPU.Build.0 = Release|Any CPU
		{E5222798-21B2-4BD8-8AFA-D3DD878C9B5D}.Debug|Any CPU.ActiveCfg = Debug|Any CPU
		{E5222798-21B2-4BD8-8AFA-D3DD878C9B5D}.Debug|Any CPU.Build.0 = Debug|Any CPU
		{E5222798-21B2-4BD8-8AFA-D3DD878C9B5D}.Release|Any CPU.ActiveCfg = Release|Any CPU
		{E5222798-21B2-4BD8-8AFA-D3DD878C9B5D}.Release|Any CPU.Build.0 = Release|Any CPU
		{9F378F41-7863-41C6-81DE-651AD8DF9B34}.Debug|Any CPU.ActiveCfg = Debug|Any CPU
		{9F378F41-7863-41C6-81DE-651AD8DF9B34}.Debug|Any CPU.Build.0 = Debug|Any CPU
		{9F378F41-7863-41C6-81DE-651AD8DF9B34}.Release|Any CPU.ActiveCfg = Release|Any CPU
		{9F378F41-7863-41C6-81DE-651AD8DF9B34}.Release|Any CPU.Build.0 = Release|Any CPU
		{34C185EF-F2BE-4BB1-905A-4C7CF7E69BDE}.Debug|Any CPU.ActiveCfg = Debug|Any CPU
		{34C185EF-F2BE-4BB1-905A-4C7CF7E69BDE}.Debug|Any CPU.Build.0 = Debug|Any CPU
		{34C185EF-F2BE-4BB1-905A-4C7CF7E69BDE}.Release|Any CPU.ActiveCfg = Release|Any CPU
		{34C185EF-F2BE-4BB1-905A-4C7CF7E69BDE}.Release|Any CPU.Build.0 = Release|Any CPU
		{A47F834F-648B-47CB-87D3-33FF6D7B0ECE}.Debug|Any CPU.ActiveCfg = Debug|Any CPU
		{A47F834F-648B-47CB-87D3-33FF6D7B0ECE}.Debug|Any CPU.Build.0 = Debug|Any CPU
		{A47F834F-648B-47CB-87D3-33FF6D7B0ECE}.Release|Any CPU.ActiveCfg = Release|Any CPU
		{A47F834F-648B-47CB-87D3-33FF6D7B0ECE}.Release|Any CPU.Build.0 = Release|Any CPU
		{9B968034-69DA-4311-8816-289FAF4C19F1}.Debug|Any CPU.ActiveCfg = Debug|Any CPU
		{9B968034-69DA-4311-8816-289FAF4C19F1}.Debug|Any CPU.Build.0 = Debug|Any CPU
		{9B968034-69DA-4311-8816-289FAF4C19F1}.Release|Any CPU.ActiveCfg = Release|Any CPU
		{9B968034-69DA-4311-8816-289FAF4C19F1}.Release|Any CPU.Build.0 = Release|Any CPU
		{E76A3A35-89FC-4C74-BCFE-E0ADF228B3B5}.Debug|Any CPU.ActiveCfg = Debug|Any CPU
		{E76A3A35-89FC-4C74-BCFE-E0ADF228B3B5}.Debug|Any CPU.Build.0 = Debug|Any CPU
		{E76A3A35-89FC-4C74-BCFE-E0ADF228B3B5}.Release|Any CPU.ActiveCfg = Release|Any CPU
		{E76A3A35-89FC-4C74-BCFE-E0ADF228B3B5}.Release|Any CPU.Build.0 = Release|Any CPU
		{A33D1BCC-1BF6-437E-A271-DBCECE209D16}.Debug|Any CPU.ActiveCfg = Debug|Any CPU
		{A33D1BCC-1BF6-437E-A271-DBCECE209D16}.Debug|Any CPU.Build.0 = Debug|Any CPU
		{A33D1BCC-1BF6-437E-A271-DBCECE209D16}.Release|Any CPU.ActiveCfg = Release|Any CPU
		{A33D1BCC-1BF6-437E-A271-DBCECE209D16}.Release|Any CPU.Build.0 = Release|Any CPU
		{534D2296-3C01-4E4A-9EA1-1FC8DF3338FD}.Debug|Any CPU.ActiveCfg = Debug|Any CPU
		{534D2296-3C01-4E4A-9EA1-1FC8DF3338FD}.Debug|Any CPU.Build.0 = Debug|Any CPU
		{534D2296-3C01-4E4A-9EA1-1FC8DF3338FD}.Release|Any CPU.ActiveCfg = Release|Any CPU
		{534D2296-3C01-4E4A-9EA1-1FC8DF3338FD}.Release|Any CPU.Build.0 = Release|Any CPU
		{03AD1E3C-C334-4A0E-97C0-41FEB456E9BE}.Debug|Any CPU.ActiveCfg = Debug|Any CPU
		{03AD1E3C-C334-4A0E-97C0-41FEB456E9BE}.Debug|Any CPU.Build.0 = Debug|Any CPU
		{03AD1E3C-C334-4A0E-97C0-41FEB456E9BE}.Release|Any CPU.ActiveCfg = Release|Any CPU
		{03AD1E3C-C334-4A0E-97C0-41FEB456E9BE}.Release|Any CPU.Build.0 = Release|Any CPU
		{692CCCA6-7F98-4849-8F0B-54A395722908}.Debug|Any CPU.ActiveCfg = Debug|Any CPU
		{692CCCA6-7F98-4849-8F0B-54A395722908}.Debug|Any CPU.Build.0 = Debug|Any CPU
		{692CCCA6-7F98-4849-8F0B-54A395722908}.Release|Any CPU.ActiveCfg = Release|Any CPU
		{692CCCA6-7F98-4849-8F0B-54A395722908}.Release|Any CPU.Build.0 = Release|Any CPU
		{F957AECD-FCFC-436C-AA3B-6A4B9A2D01FF}.Debug|Any CPU.ActiveCfg = Debug|Any CPU
		{F957AECD-FCFC-436C-AA3B-6A4B9A2D01FF}.Debug|Any CPU.Build.0 = Debug|Any CPU
		{F957AECD-FCFC-436C-AA3B-6A4B9A2D01FF}.Release|Any CPU.ActiveCfg = Release|Any CPU
		{F957AECD-FCFC-436C-AA3B-6A4B9A2D01FF}.Release|Any CPU.Build.0 = Release|Any CPU
		{874679E1-482D-4839-8098-E3BED1B24F64}.Debug|Any CPU.ActiveCfg = Debug|Any CPU
		{874679E1-482D-4839-8098-E3BED1B24F64}.Debug|Any CPU.Build.0 = Debug|Any CPU
		{874679E1-482D-4839-8098-E3BED1B24F64}.Release|Any CPU.ActiveCfg = Release|Any CPU
		{874679E1-482D-4839-8098-E3BED1B24F64}.Release|Any CPU.Build.0 = Release|Any CPU
		{189FB3A6-2A61-49BF-9707-B3D10B618321}.Debug|Any CPU.ActiveCfg = Debug|Any CPU
		{189FB3A6-2A61-49BF-9707-B3D10B618321}.Debug|Any CPU.Build.0 = Debug|Any CPU
		{189FB3A6-2A61-49BF-9707-B3D10B618321}.Release|Any CPU.ActiveCfg = Release|Any CPU
		{189FB3A6-2A61-49BF-9707-B3D10B618321}.Release|Any CPU.Build.0 = Release|Any CPU
		{F9A5454B-C1E1-40F5-BD5C-F9C7A9DF3E41}.Debug|Any CPU.ActiveCfg = Debug|Any CPU
		{F9A5454B-C1E1-40F5-BD5C-F9C7A9DF3E41}.Debug|Any CPU.Build.0 = Debug|Any CPU
		{F9A5454B-C1E1-40F5-BD5C-F9C7A9DF3E41}.Release|Any CPU.ActiveCfg = Release|Any CPU
		{F9A5454B-C1E1-40F5-BD5C-F9C7A9DF3E41}.Release|Any CPU.Build.0 = Release|Any CPU
		{61FD9E28-D247-4A96-9F21-6D9C4771AF27}.Debug|Any CPU.ActiveCfg = Debug|Any CPU
		{61FD9E28-D247-4A96-9F21-6D9C4771AF27}.Debug|Any CPU.Build.0 = Debug|Any CPU
		{61FD9E28-D247-4A96-9F21-6D9C4771AF27}.Release|Any CPU.ActiveCfg = Release|Any CPU
		{61FD9E28-D247-4A96-9F21-6D9C4771AF27}.Release|Any CPU.Build.0 = Release|Any CPU
		{9363F5FE-C9ED-4F35-956F-9ABCA5AEC94A}.Debug|Any CPU.ActiveCfg = Debug|Any CPU
		{9363F5FE-C9ED-4F35-956F-9ABCA5AEC94A}.Debug|Any CPU.Build.0 = Debug|Any CPU
		{9363F5FE-C9ED-4F35-956F-9ABCA5AEC94A}.Release|Any CPU.ActiveCfg = Release|Any CPU
		{9363F5FE-C9ED-4F35-956F-9ABCA5AEC94A}.Release|Any CPU.Build.0 = Release|Any CPU
		{F311C5C2-2648-41BE-A963-19A872CB8534}.Debug|Any CPU.ActiveCfg = Debug|Any CPU
		{F311C5C2-2648-41BE-A963-19A872CB8534}.Debug|Any CPU.Build.0 = Debug|Any CPU
		{F311C5C2-2648-41BE-A963-19A872CB8534}.Release|Any CPU.ActiveCfg = Release|Any CPU
		{F311C5C2-2648-41BE-A963-19A872CB8534}.Release|Any CPU.Build.0 = Release|Any CPU
		{33ADDF0E-2A9A-4B9B-A91E-123307A6498A}.Debug|Any CPU.ActiveCfg = Debug|Any CPU
		{33ADDF0E-2A9A-4B9B-A91E-123307A6498A}.Debug|Any CPU.Build.0 = Debug|Any CPU
		{33ADDF0E-2A9A-4B9B-A91E-123307A6498A}.Release|Any CPU.ActiveCfg = Release|Any CPU
		{33ADDF0E-2A9A-4B9B-A91E-123307A6498A}.Release|Any CPU.Build.0 = Release|Any CPU
		{214C0B41-86DD-4D54-8AC5-D5A10496C1E5}.Debug|Any CPU.ActiveCfg = Debug|Any CPU
		{214C0B41-86DD-4D54-8AC5-D5A10496C1E5}.Debug|Any CPU.Build.0 = Debug|Any CPU
		{214C0B41-86DD-4D54-8AC5-D5A10496C1E5}.Release|Any CPU.ActiveCfg = Release|Any CPU
		{214C0B41-86DD-4D54-8AC5-D5A10496C1E5}.Release|Any CPU.Build.0 = Release|Any CPU
		{73B3BDDF-C25A-45C8-B24A-657D92197549}.Debug|Any CPU.ActiveCfg = Debug|Any CPU
		{73B3BDDF-C25A-45C8-B24A-657D92197549}.Debug|Any CPU.Build.0 = Debug|Any CPU
		{73B3BDDF-C25A-45C8-B24A-657D92197549}.Release|Any CPU.ActiveCfg = Release|Any CPU
		{73B3BDDF-C25A-45C8-B24A-657D92197549}.Release|Any CPU.Build.0 = Release|Any CPU
	EndGlobalSection
	GlobalSection(SolutionProperties) = preSolution
		HideSolutionNode = FALSE
	EndGlobalSection
	GlobalSection(NestedProjects) = preSolution
		{851C9536-3FCF-4B95-B625-C8C9B60A71AC} = {B6E4CF35-9175-4BFD-9633-9459F37F2463}
		{3B33A32E-8146-43C5-87A5-FD65152275DD} = {B6E4CF35-9175-4BFD-9633-9459F37F2463}
		{E5222798-21B2-4BD8-8AFA-D3DD878C9B5D} = {B6E4CF35-9175-4BFD-9633-9459F37F2463}
		{9F378F41-7863-41C6-81DE-651AD8DF9B34} = {3EBB14EE-813D-4CF3-AD69-8B12C7CBDE68}
		{34C185EF-F2BE-4BB1-905A-4C7CF7E69BDE} = {247C8691-076A-4E30-855F-6BCEE1576999}
		{A47F834F-648B-47CB-87D3-33FF6D7B0ECE} = {247C8691-076A-4E30-855F-6BCEE1576999}
		{9B968034-69DA-4311-8816-289FAF4C19F1} = {247C8691-076A-4E30-855F-6BCEE1576999}
		{E76A3A35-89FC-4C74-BCFE-E0ADF228B3B5} = {D96E839C-E284-4B7C-9A73-449042D596F3}
		{A33D1BCC-1BF6-437E-A271-DBCECE209D16} = {D96E839C-E284-4B7C-9A73-449042D596F3}
		{534D2296-3C01-4E4A-9EA1-1FC8DF3338FD} = {D96E839C-E284-4B7C-9A73-449042D596F3}
		{03AD1E3C-C334-4A0E-97C0-41FEB456E9BE} = {656B38FE-481D-4E4A-9A17-734CF59BDFD7}
		{692CCCA6-7F98-4849-8F0B-54A395722908} = {656B38FE-481D-4E4A-9A17-734CF59BDFD7}
		{F957AECD-FCFC-436C-AA3B-6A4B9A2D01FF} = {656B38FE-481D-4E4A-9A17-734CF59BDFD7}
		{874679E1-482D-4839-8098-E3BED1B24F64} = {8AB88D43-CA80-403D-BDA7-F22A82BB36C5}
		{189FB3A6-2A61-49BF-9707-B3D10B618321} = {8AB88D43-CA80-403D-BDA7-F22A82BB36C5}
		{F9A5454B-C1E1-40F5-BD5C-F9C7A9DF3E41} = {8AB88D43-CA80-403D-BDA7-F22A82BB36C5}
		{61FD9E28-D247-4A96-9F21-6D9C4771AF27} = {E8714758-598C-4812-807B-E36891BC7F42}
		{9363F5FE-C9ED-4F35-956F-9ABCA5AEC94A} = {E8714758-598C-4812-807B-E36891BC7F42}
		{F311C5C2-2648-41BE-A963-19A872CB8534} = {E8714758-598C-4812-807B-E36891BC7F42}
		{33ADDF0E-2A9A-4B9B-A91E-123307A6498A} = {9526B020-1954-41BF-BC79-9B0FC96F559E}
		{214C0B41-86DD-4D54-8AC5-D5A10496C1E5} = {9526B020-1954-41BF-BC79-9B0FC96F559E}
		{73B3BDDF-C25A-45C8-B24A-657D92197549} = {9526B020-1954-41BF-BC79-9B0FC96F559E}
	EndGlobalSection
	GlobalSection(ExtensibilityGlobals) = postSolution
		SolutionGuid = {EDE5908A-46F6-47CE-A7FE-BE07538452DA}
	EndGlobalSection
EndGlobal
